
Microsoft Visual Studio Solution File, Format Version 12.00
# Visual Studio Version 16
VisualStudioVersion = 16.0.31105.61
MinimumVisualStudioVersion = 10.0.40219.1
Project("{FAE04EC0-301F-11D3-BF4B-00C04F79EFBC}") = "PromoCodeService", "PromoCodeService\PromoCodeService.csproj", "{129F421F-327F-431E-B09D-43B05D953A7D}"
EndProject
Project("{FAE04EC0-301F-11D3-BF4B-00C04F79EFBC}") = "Data", "Data\Data.csproj", "{32F9FE3D-559F-440B-BFCD-A0A4F87FA858}"
EndProject
Global
	GlobalSection(SolutionConfigurationPlatforms) = preSolution
		Debug|Any CPU = Debug|Any CPU
		Release|Any CPU = Release|Any CPU
	EndGlobalSection
	GlobalSection(ProjectConfigurationPlatforms) = postSolution
		{129F421F-327F-431E-B09D-43B05D953A7D}.Debug|Any CPU.ActiveCfg = Debug|Any CPU
		{129F421F-327F-431E-B09D-43B05D953A7D}.Debug|Any CPU.Build.0 = Debug|Any CPU
		{129F421F-327F-431E-B09D-43B05D953A7D}.Release|Any CPU.ActiveCfg = Release|Any CPU
		{129F421F-327F-431E-B09D-43B05D953A7D}.Release|Any CPU.Build.0 = Release|Any CPU
		{32F9FE3D-559F-440B-BFCD-A0A4F87FA858}.Debug|Any CPU.ActiveCfg = Debug|Any CPU
		{32F9FE3D-559F-440B-BFCD-A0A4F87FA858}.Debug|Any CPU.Build.0 = Debug|Any CPU
		{32F9FE3D-559F-440B-BFCD-A0A4F87FA858}.Release|Any CPU.ActiveCfg = Release|Any CPU
		{32F9FE3D-559F-440B-BFCD-A0A4F87FA858}.Release|Any CPU.Build.0 = Release|Any CPU
	EndGlobalSection
	GlobalSection(SolutionProperties) = preSolution
		HideSolutionNode = FALSE
	EndGlobalSection
	GlobalSection(ExtensibilityGlobals) = postSolution
		SolutionGuid = {9CF20946-B82E-4218-AE31-DC36D5952202}
	EndGlobalSection
EndGlobal
